
Microsoft Visual Studio Solution File, Format Version 12.00
# Visual Studio Version 17
VisualStudioVersion = 17.13.35931.197 d17.13
MinimumVisualStudioVersion = 10.0.40219.1
Project("{FAE04EC0-301F-11D3-BF4B-00C04F79EFBC}") = "Revolver_6", "Revolver_6.csproj", "{2A565BD7-528B-4558-ADD4-8B21DEF4B2C7}"
EndProject
Global
	GlobalSection(SolutionConfigurationPlatforms) = preSolution
		Debug|Any CPU = Debug|Any CPU
		Release|Any CPU = Release|Any CPU
	EndGlobalSection
	GlobalSection(ProjectConfigurationPlatforms) = postSolution
		{2A565BD7-528B-4558-ADD4-8B21DEF4B2C7}.Debug|Any CPU.ActiveCfg = Debug|Any CPU
		{2A565BD7-528B-4558-ADD4-8B21DEF4B2C7}.Debug|Any CPU.Build.0 = Debug|Any CPU
		{2A565BD7-528B-4558-ADD4-8B21DEF4B2C7}.Release|Any CPU.ActiveCfg = Release|Any CPU
		{2A565BD7-528B-4558-ADD4-8B21DEF4B2C7}.Release|Any CPU.Build.0 = Release|Any CPU
	EndGlobalSection
	GlobalSection(SolutionProperties) = preSolution
		HideSolutionNode = FALSE
	EndGlobalSection
	GlobalSection(ExtensibilityGlobals) = postSolution
		SolutionGuid = {5E3972BA-F956-421C-955B-7A487690C3AE}
	EndGlobalSection
EndGlobal
